
Microsoft Visual Studio Solution File, Format Version 12.00
# Visual Studio Version 17
VisualStudioVersion = 17.10.35004.147
MinimumVisualStudioVersion = 10.0.40219.1
Project("{FAE04EC0-301F-11D3-BF4B-00C04F79EFBC}") = "DesignerPattern_State", "DesignerPattern_State.csproj", "{3AFFD76D-AC32-4FF6-89C3-FAF93F9AE65C}"
EndProject
Global
	GlobalSection(SolutionConfigurationPlatforms) = preSolution
		Debug|Any CPU = Debug|Any CPU
		Release|Any CPU = Release|Any CPU
	EndGlobalSection
	GlobalSection(ProjectConfigurationPlatforms) = postSolution
		{3AFFD76D-AC32-4FF6-89C3-FAF93F9AE65C}.Debug|Any CPU.ActiveCfg = Debug|Any CPU
		{3AFFD76D-AC32-4FF6-89C3-FAF93F9AE65C}.Debug|Any CPU.Build.0 = Debug|Any CPU
		{3AFFD76D-AC32-4FF6-89C3-FAF93F9AE65C}.Release|Any CPU.ActiveCfg = Release|Any CPU
		{3AFFD76D-AC32-4FF6-89C3-FAF93F9AE65C}.Release|Any CPU.Build.0 = Release|Any CPU
	EndGlobalSection
	GlobalSection(SolutionProperties) = preSolution
		HideSolutionNode = FALSE
	EndGlobalSection
	GlobalSection(ExtensibilityGlobals) = postSolution
		SolutionGuid = {0FED60D9-0A46-4CA5-9114-CC871F2A4DD9}
	EndGlobalSection
EndGlobal
